
Microsoft Visual Studio Solution File, Format Version 12.00
Project("{FAE04EC0-301F-11D3-BF4B-00C04F79EFBC}") = "MatchingFileFinder", "MatchingFileFinder\MatchingFileFinder.csproj", "{1B8752CD-226C-49E7-AE2D-ECB690D59E43}"
EndProject
Project("{FAE04EC0-301F-11D3-BF4B-00C04F79EFBC}") = "MatchingFileFinder.Tests", "MatchingFileFinder.Tests\MatchingFileFinder.Tests.csproj", "{42EEFCEC-B7F8-48E6-9AFC-4208CDA625DF}"
EndProject
Global
	GlobalSection(SolutionConfigurationPlatforms) = preSolution
		Debug|Any CPU = Debug|Any CPU
		Release|Any CPU = Release|Any CPU
	EndGlobalSection
	GlobalSection(ProjectConfigurationPlatforms) = postSolution
		{1B8752CD-226C-49E7-AE2D-ECB690D59E43}.Debug|Any CPU.ActiveCfg = Debug|Any CPU
		{1B8752CD-226C-49E7-AE2D-ECB690D59E43}.Debug|Any CPU.Build.0 = Debug|Any CPU
		{1B8752CD-226C-49E7-AE2D-ECB690D59E43}.Release|Any CPU.ActiveCfg = Release|Any CPU
		{1B8752CD-226C-49E7-AE2D-ECB690D59E43}.Release|Any CPU.Build.0 = Release|Any CPU
		{42EEFCEC-B7F8-48E6-9AFC-4208CDA625DF}.Debug|Any CPU.ActiveCfg = Debug|Any CPU
		{42EEFCEC-B7F8-48E6-9AFC-4208CDA625DF}.Debug|Any CPU.Build.0 = Debug|Any CPU
		{42EEFCEC-B7F8-48E6-9AFC-4208CDA625DF}.Release|Any CPU.ActiveCfg = Release|Any CPU
		{42EEFCEC-B7F8-48E6-9AFC-4208CDA625DF}.Release|Any CPU.Build.0 = Release|Any CPU
	EndGlobalSection
EndGlobal
